# THIS IS AN AUTOGENERATED FILE. DO NOT EDIT THIS FILE DIRECTLY.
# yarn lockfile v1


"@dcloudio/uni-helper-json@^1.0.5":
  version "1.0.5"
  resolved "https://registry.yarnpkg.com/@dcloudio/uni-helper-json/-/uni-helper-json-1.0.5.tgz#4799c738eba7827e737432517e2c1967603857e2"
  integrity sha512-Sncv3MPSh384c5QdVFlyGMWQLZ8ZQMunO/sXfD1Ln8vO6U6vszqMdxbdlGbeOJKLOqq50dJxfnQoAKGJyJvEkA==

"@types/html5plus@^1.0.1":
  version "1.0.1"
  resolved "https://registry.yarnpkg.com/@types/html5plus/-/html5plus-1.0.1.tgz#12316597e42f6f87cb25b9c93860f57cd39b3906"
  integrity sha512-ska1eyYbGO7zsru2KTjZ/CWtSjOXh92/K/QMdgSddkyr1ZplIybOzeS1u61scyxAKRvz6Yd9TRL+LQSBVyGUJw==

"@types/uni-app@^1.4.3":
  version "1.4.3"
  resolved "https://registry.yarnpkg.com/@types/uni-app/-/uni-app-1.4.3.tgz#251c012bd2408b69bf501fe0dc8f76adb3b0576c"
  integrity sha512-i2P+ARDpMWrAlubqp54LYBEAxZhPML3kHW9qLxwK7ZvInoI8xaYDDhqukp5xisBftVrZ7+jUa7spCDXy6qBMvQ==
  dependencies:
    vue "^2.6.8"

vue@^2.6.8:
  version "2.6.11"
  resolved "https://registry.yarnpkg.com/vue/-/vue-2.6.11.tgz#76594d877d4b12234406e84e35275c6d514125c5"
  integrity sha512-VfPwgcGABbGAue9+sfrD4PuwFar7gPb1yl1UK1MwXoQPAw0BKSqWfoYCT/ThFrdEVWoI51dBuyCoiNU9bZDZxQ==
